// !$*UTF8*$!
{
	archiveVersion = 1;
	classes = {
	};
	objectVersion = 46;
	objects = {

/* Begin PBXBuildFile section */
		CA7B545819FF3C5E0019A015 /* main.m in Sources */ = {isa = PBXBuildFile; fileRef = CA7B545719FF3C5E0019A015 /* main.m */; };
/* End PBXBuildFile section */

/* Begin PBXFileReference section */
		CA7B545419FF3C5E0019A015 /* iOSAssetExtractor */ = {isa = PBXFileReference; explicitFileType = "compiled.mach-o.executable"; includeInIndex = 0; path = iOSAssetExtractor; sourceTree = BUILT_PRODUCTS_DIR; };
		CA7B545719FF3C5E0019A015 /* main.m */ = {isa = PBXFileReference; lastKnownFileType = sourcecode.c.objc; path = main.m; sourceTree = "<group>"; };
/* End PBXFileReference section */

/* Begin PBXFrameworksBuildPhase section */
		CA7B545119FF3C5E0019A015 /* Frameworks */ = {
			isa = PBXFrameworksBuildPhase;
			buildActionMask = 2147483647;
			files = (
			);
			runOnlyForDeploymentPostprocessing = 0;
		};
/* End PBXFrameworksBuildPhase section */

/* Begin PBXGroup section */
		CA7B544B19FF3C5E0019A015 = {
			isa = PBXGroup;
			children = (
				CA7B545619FF3C5E0019A015 /* iOSAssetExtractor */,
				CA7B545519FF3C5E0019A015 /* Products */,
			);
			sourceTree = "<group>";
		};
		CA7B545519FF3C5E0019A015 /* Products */ = {
			isa = PBXGroup;
			children = (
				CA7B545419FF3C5E0019A015 /* iOSAssetExtractor */,
			);
			name = Products;
			sourceTree = "<group>";
		};
		CA7B545619FF3C5E0019A015 /* iOSAssetExtractor */ = {
			isa = PBXGroup;
			children = (
				CA7B545719FF3C5E0019A015 /* main.m */,
			);
			path = iOSAssetExtractor;
			sourceTree = "<group>";
		};
/* End PBXGroup section */

/* Begin PBXNativeTarget section */
		CA7B545319FF3C5E0019A015 /* iOSAssetExtractor */ = {
			isa = PBXNativeTarget;
			buildConfigurationList = CA7B545B19FF3C5E0019A015 /* Build configuration list for PBXNativeTarget "iOSAssetExtractor" */;
			buildPhases = (
				CA7B545019FF3C5E0019A015 /* Sources */,
				CA7B545119FF3C5E0019A015 /* Frameworks */,
				CA7B545E19FF3C7D0019A015 /* ShellScript */,
			);
			buildRules = (
			);
			dependencies = (
			);
			name = iOSAssetExtractor;
			productName = iOSAssetExtractor;
			productReference = CA7B545419FF3C5E0019A015 /* iOSAssetExtractor */;
			productType = "com.apple.product-type.tool";
		};
/* End PBXNativeTarget section */

/* Begin PBXProject section */
		CA7B544C19FF3C5E0019A015 /* Project object */ = {
			isa = PBXProject;
			attributes = {
				LastUpgradeCheck = 0600;
				ORGANIZATIONNAME = BrandonMcQuilkin;
				TargetAttributes = {
					CA7B545319FF3C5E0019A015 = {
						CreatedOnToolsVersion = 6.0;
					};
				};
			};
			buildConfigurationList = CA7B544F19FF3C5E0019A015 /* Build configuration list for PBXProject "iOSAssetExtractor" */;
			compatibilityVersion = "Xcode 3.2";
			developmentRegion = English;
			hasScannedForEncodings = 0;
			knownRegions = (
				en,
			);
			mainGroup = CA7B544B19FF3C5E0019A015;
			productRefGroup = CA7B545519FF3C5E0019A015 /* Products */;
			projectDirPath = "";
			projectRoot = "";
			targets = (
				CA7B545319FF3C5E0019A015 /* iOSAssetExtractor */,
			);
		};
/* End PBXProject section */

/* Begin PBXShellScriptBuildPhase section */
		CA7B545E19FF3C7D0019A015 /* ShellScript */ = {
			isa = PBXShellScriptBuildPhase;
			buildActionMask = 2147483647;
			files = (
			);
			inputPaths = (
			);
			outputPaths = (
			);
			runOnlyForDeploymentPostprocessing = 0;
			shellPath = /bin/sh;
			shellScript = "cp \"${TARGET_BUILD_DIR}/${TARGET_NAME}\" \"${PROJECT_DIR}/../Products/${TARGET_NAME}\"";
		};
/* End PBXShellScriptBuildPhase section */

/* Begin PBXSourcesBuildPhase section */
		CA7B545019FF3C5E0019A015 /* Sources */ = {
			isa = PBXSourcesBuildPhase;
			buildActionMask = 2147483647;
			files = (
				CA7B545819FF3C5E0019A015 /* main.m in Sources */,
			);
			runOnlyForDeploymentPostprocessing = 0;
		};
/* End PBXSourcesBuildPhase section */

/* Begin XCBuildConfiguration section */
		CA7B545919FF3C5E0019A015 /* Debug */ = {
			isa = XCBuildConfiguration;
			buildSettings = {
				ALWAYS_SEARCH_USER_PATHS = NO;
				CLANG_CXX_LANGUAGE_STANDARD = "gnu++0x";
				CLANG_CXX_LIBRARY = "libc++";
				CLANG_ENABLE_MODULES = YES;
				CLANG_ENABLE_OBJC_ARC = YES;
				CLANG_WARN_BOOL_CONVERSION = YES;
				CLANG_WARN_CONSTANT_CONVERSION = YES;
				CLANG_WARN_DIRECT_OBJC_ISA_USAGE = YES_ERROR;
				CLANG_WARN_EMPTY_BODY = YES;
				CLANG_WARN_ENUM_CONVERSION = YES;
				CLANG_WARN_INT_CONVERSION = YES;
				CLANG_WARN_OBJC_ROOT_CLASS = YES_ERROR;
				CLANG_WARN_UNREACHABLE_CODE = YES;
				CLANG_WARN__DUPLICATE_METHOD_MATCH = YES;
				COPY_PHASE_STRIP = NO;
				ENABLE_STRICT_OBJC_MSGSEND = YES;
				GCC_C_LANGUAGE_STANDARD = gnu99;
				GCC_DYNAMIC_NO_PIC = NO;
				GCC_OPTIMIZATION_LEVEL = 0;
				GCC_PREPROCESSOR_DEFINITIONS = (
					"DEBUG=1",
					"$(inherited)",
				);
				GCC_SYMBOLS_PRIVATE_EXTERN = NO;
				GCC_WARN_64_TO_32_BIT_CONVERSION = YES;
				GCC_WARN_ABOUT_RETURN_TYPE = YES_ERROR;
				GCC_WARN_UNDECLARED_SELECTOR = YES;
				GCC_WARN_UNINITIALIZED_AUTOS = YES_AGGRESSIVE;
				GCC_WARN_UNUSED_FUNCTION = YES;
				GCC_WARN_UNUSED_VARIABLE = YES;
				MACOSX_DEPLOYMENT_TARGET = 10.10;
				MTL_ENABLE_DEBUG_INFO = YES;
				ONLY_ACTIVE_ARCH = YES;
				SDKROOT = macosx;
			};
			name = Debug;
		};
		CA7B545A19FF3C5E0019A015 /* Release */ = {
			isa = XCBuildConfiguration;
			buildSettings = {
				ALWAYS_SEARCH_USER_PATHS = NO;
				CLANG_CXX_LANGUAGE_STANDARD = "gnu++0x";
				CLANG_CXX_LIBRARY = "libc++";
				CLANG_ENABLE_MODULES = YES;
				CLANG_ENABLE_OBJC_ARC = YES;
				CLANG_WARN_BOOL_CONVERSION = YES;
				CLANG_WARN_CONSTANT_CONVERSION = YES;
				CLANG_WARN_DIRECT_OBJC_ISA_USAGE = YES_ERROR;
				CLANG_WARN_EMPTY_BODY = YES;
				CLANG_WARN_ENUM_CONVERSION = YES;
				CLANG_WARN_INT_CONVERSION = YES;
				CLANG_WARN_OBJC_ROOT_CLASS = YES_ERROR;
				CLANG_WARN_UNREACHABLE_CODE = YES;
				CLANG_WARN__DUPLICATE_METHOD_MATCH = YES;
				COPY_PHASE_STRIP = YES;
				DEBUG_INFORMATION_FORMAT = "dwarf-with-dsym";
				ENABLE_NS_ASSERTIONS = NO;
				ENABLE_STRICT_OBJC_MSGSEND = YES;
				GCC_C_LANGUAGE_STANDARD = gnu99;
				GCC_WARN_64_TO_32_BIT_CONVERSION = YES;
				GCC_WARN_ABOUT_RETURN_TYPE = YES_ERROR;
				GCC_WARN_UNDECLARED_SELECTOR = YES;
				GCC_WARN_UNINITIALIZED_AUTOS = YES_AGGRESSIVE;
				GCC_WARN_UNUSED_FUNCTION = YES;
				GCC_WARN_UNUSED_VARIABLE = YES;
				MACOSX_DEPLOYMENT_TARGET = 10.10;
				MTL_ENABLE_DEBUG_INFO = NO;
				SDKROOT = macosx;
			};
			name = Release;
		};
		CA7B545C19FF3C5E0019A015 /* Debug */ = {
			isa = XCBuildConfiguration;
			buildSettings = {
				PRODUCT_NAME = "$(TARGET_NAME)";
			};
			name = Debug;
		};
		CA7B545D19FF3C5E0019A015 /* Release */ = {
			isa = XCBuildConfiguration;
			buildSettings = {
				PRODUCT_NAME = "$(TARGET_NAME)";
			};
			name = Release;
		};
/* End XCBuildConfiguration section */

/* Begin XCConfigurationList section */
		CA7B544F19FF3C5E0019A015 /* Build configuration list for PBXProject "iOSAssetExtractor" */ = {
			isa = XCConfigurationList;
			buildConfigurations = (
				CA7B545919FF3C5E0019A015 /* Debug */,
				CA7B545A19FF3C5E0019A015 /* Release */,
			);
			defaultConfigurationIsVisible = 0;
			defaultConfigurationName = Release;
		};
		CA7B545B19FF3C5E0019A015 /* Build configuration list for PBXNativeTarget "iOSAssetExtractor" */ = {
			isa = XCConfigurationList;
			buildConfigurations = (
				CA7B545C19FF3C5E0019A015 /* Debug */,
				CA7B545D19FF3C5E0019A015 /* Release */,
			);
			defaultConfigurationIsVisible = 0;
		};
/* End XCConfigurationList section */
	};
	rootObject = CA7B544C19FF3C5E0019A015 /* Project object */;
}
